{
  "version": 4,
  "terraform_version": "1.6.4",
  "serial": 15,
  "lineage": "49c61bc1-94b4-bcdd-485f-83a0cb727444",
  "outputs": {},
  "resources": [
    {
      "mode": "data",
      "type": "google_firebase_web_app_config",
      "name": "example",
      "provider": "provider[\"registry.terraform.io/hashicorp/google-beta\"]",
      "instances": [
        {
          "schema_version": 0,
          "attributes": {
            "api_key": "AIzaSyB8ebmHHEc8fKeUg4_AwsOwlS-tKEdsauo",
            "auth_domain": "fir-ai-app-ca3c5.firebaseapp.com",
            "database_url": "",
            "id": "1:614068368350:web:07a6df8992005ac395234f",
            "location_id": "",
            "measurement_id": "",
            "messaging_sender_id": "614068368350",
            "project": "fir-ai-app-ca3c5",
            "storage_bucket": "fir-ai-app-ca3c5.firebasestorage.app",
            "web_app_id": "1:614068368350:web:07a6df8992005ac395234f"
          },
          "sensitive_attributes": []
        }
      ]
    },
    {
      "mode": "data",
      "type": "google_project",
      "name": "project",
      "provider": "provider[\"registry.terraform.io/hashicorp/google-beta\"]",
      "instances": [
        {
          "schema_version": 0,
          "attributes": {
            "auto_create_network": null,
            "billing_account": null,
            "deletion_policy": "DELETE",
            "effective_labels": {
              "firebase": "enabled",
              "firebase-core": "disabled"
            },
            "folder_id": null,
            "id": "projects/fir-ai-app-ca3c5",
            "labels": {
              "firebase": "enabled",
              "firebase-core": "disabled"
            },
            "name": "Firebase AI App",
            "number": "614068368350",
            "org_id": null,
            "project_id": "fir-ai-app-ca3c5",
            "skip_delete": null,
            "terraform_labels": {
              "firebase": "enabled",
              "firebase-core": "disabled"
            }
          },
          "sensitive_attributes": []
        }
      ]
    },
    {
      "mode": "managed",
      "type": "google_apikeys_key",
      "name": "generativelanguage",
      "provider": "provider[\"registry.terraform.io/hashicorp/google-beta\"]",
      "instances": [
        {
          "schema_version": 0,
          "attributes": {
            "display_name": "Gemini API Key",
            "id": "projects/fir-ai-app-ca3c5/locations/global/keys/gemini-api-key",
            "key_string": "AIzaSyCLFGJMn5FVargZ_omhLyZ5wq792cZV-Ic",
            "name": "gemini-api-key",
            "project": "fir-ai-app-ca3c5",
            "restrictions": [
              {
                "android_key_restrictions": [],
                "api_targets": [
                  {
                    "methods": null,
                    "service": "generativelanguage.googleapis.com"
                  }
                ],
                "browser_key_restrictions": [
                  {
                    "allowed_referrers": [
                      "*"
                    ]
                  }
                ],
                "ios_key_restrictions": [],
                "server_key_restrictions": []
              }
            ],
            "timeouts": null,
            "uid": "62fe4831-cd3f-457e-a169-db0f37bdc81f"
          },
          "sensitive_attributes": [],
          "private": "eyJlMmJmYjczMC1lY2FhLTExZTYtOGY4OC0zNDM2M2JjN2M0YzAiOnsiY3JlYXRlIjoxMjAwMDAwMDAwMDAwLCJkZWxldGUiOjEyMDAwMDAwMDAwMDAsInVwZGF0ZSI6MTIwMDAwMDAwMDAwMH19",
          "dependencies": [
            "google_project_service.services"
          ]
        }
      ]
    },
    {
      "mode": "managed",
      "type": "google_firebase_web_app",
      "name": "example",
      "provider": "provider[\"registry.terraform.io/hashicorp/google-beta\"]",
      "instances": [
        {
          "schema_version": 0,
          "attributes": {
            "api_key_id": "a5299962-a078-46c0-a7d1-631cfc65a888",
            "app_id": "1:614068368350:web:07a6df8992005ac395234f",
            "app_urls": [],
            "deletion_policy": "DELETE",
            "display_name": "Make It So AI!",
            "id": "projects/fir-ai-app-ca3c5/webApps/1:614068368350:web:07a6df8992005ac395234f",
            "name": "projects/fir-ai-app-ca3c5/webApps/1:614068368350:web:07a6df8992005ac395234f",
            "project": "fir-ai-app-ca3c5",
            "timeouts": null
          },
          "sensitive_attributes": [],
          "private": "eyJlMmJmYjczMC1lY2FhLTExZTYtOGY4OC0zNDM2M2JjN2M0YzAiOnsiY3JlYXRlIjoxMjAwMDAwMDAwMDAwLCJkZWxldGUiOjEyMDAwMDAwMDAwMDAsInVwZGF0ZSI6MTIwMDAwMDAwMDAwMH19"
        }
      ]
    },
    {
      "mode": "managed",
      "type": "google_firebaserules_release",
      "name": "firestore",
      "provider": "provider[\"registry.terraform.io/hashicorp/google-beta\"]",
      "instances": [
        {
          "schema_version": 0,
          "attributes": {
            "create_time": "2025-01-24T09:24:59.731980Z",
            "disabled": false,
            "id": "projects/fir-ai-app-ca3c5/releases/cloud.firestore",
            "name": "cloud.firestore",
            "project": "fir-ai-app-ca3c5",
            "ruleset_name": "78a04a0c-3334-458e-b3b8-02ad4113ca00",
            "timeouts": null,
            "update_time": "2025-01-24T09:24:59.731980Z"
          },
          "sensitive_attributes": [],
          "private": "eyJlMmJmYjczMC1lY2FhLTExZTYtOGY4OC0zNDM2M2JjN2M0YzAiOnsiY3JlYXRlIjoxMjAwMDAwMDAwMDAwLCJkZWxldGUiOjEyMDAwMDAwMDAwMDB9fQ==",
          "dependencies": [
            "google_firebaserules_ruleset.firestore",
            "google_firestore_database.database",
            "google_project_service.services",
            "local_file.firestore_rules"
          ]
        }
      ]
    },
    {
      "mode": "managed",
      "type": "google_firebaserules_ruleset",
      "name": "firestore",
      "provider": "provider[\"registry.terraform.io/hashicorp/google-beta\"]",
      "instances": [
        {
          "schema_version": 0,
          "attributes": {
            "create_time": "2025-01-24T09:24:57.291447Z",
            "id": "projects/fir-ai-app-ca3c5/rulesets/78a04a0c-3334-458e-b3b8-02ad4113ca00",
            "metadata": [
              {
                "services": [
                  "cloud.firestore"
                ]
              }
            ],
            "name": "78a04a0c-3334-458e-b3b8-02ad4113ca00",
            "project": "fir-ai-app-ca3c5",
            "source": [
              {
                "files": [
                  {
                    "content": "service cloud.firestore {\n  match /databases/{database}/documents/{document=**} {\n    allow read, write: if request.auth != null \u0026\u0026 request.time \u003c timestamp.date(2025, 2, 23);\n  }\n}\n",
                    "fingerprint": "",
                    "name": "firestore.rules"
                  }
                ],
                "language": ""
              }
            ],
            "timeouts": null
          },
          "sensitive_attributes": [],
          "private": "eyJlMmJmYjczMC1lY2FhLTExZTYtOGY4OC0zNDM2M2JjN2M0YzAiOnsiY3JlYXRlIjoxMjAwMDAwMDAwMDAwLCJkZWxldGUiOjEyMDAwMDAwMDAwMDB9fQ==",
          "dependencies": [
            "google_firestore_database.database",
            "google_project_service.services",
            "local_file.firestore_rules"
          ]
        }
      ]
    },
    {
      "mode": "managed",
      "type": "google_firestore_database",
      "name": "database",
      "provider": "provider[\"registry.terraform.io/hashicorp/google-beta\"]",
      "instances": [
        {
          "schema_version": 0,
          "attributes": {
            "app_engine_integration_mode": "DISABLED",
            "cmek_config": [],
            "concurrency_mode": "PESSIMISTIC",
            "create_time": "",
            "delete_protection_state": "DELETE_PROTECTION_DISABLED",
            "deletion_policy": "ABANDON",
            "earliest_version_time": "2025-01-24T09:24:44.905816Z",
            "etag": "IKeOpuaEjosDMNjC4uCEjosD",
            "id": "projects/fir-ai-app-ca3c5/databases/(default)",
            "key_prefix": "",
            "location_id": "nam5",
            "name": "(default)",
            "point_in_time_recovery_enablement": "POINT_IN_TIME_RECOVERY_DISABLED",
            "project": "fir-ai-app-ca3c5",
            "timeouts": null,
            "type": "FIRESTORE_NATIVE",
            "uid": "d39a4747-38ab-44ce-bf85-37062bf4bf1c",
            "update_time": "",
            "version_retention_period": "3600s"
          },
          "sensitive_attributes": [],
          "private": "eyJlMmJmYjczMC1lY2FhLTExZTYtOGY4OC0zNDM2M2JjN2M0YzAiOnsiY3JlYXRlIjoxMjAwMDAwMDAwMDAwLCJkZWxldGUiOjEyMDAwMDAwMDAwMDAsInVwZGF0ZSI6MTIwMDAwMDAwMDAwMH19",
          "dependencies": [
            "google_project_service.services"
          ]
        }
      ]
    },
    {
      "mode": "managed",
      "type": "google_project_service",
      "name": "services",
      "provider": "provider[\"registry.terraform.io/hashicorp/google-beta\"]",
      "instances": [
        {
          "index_key": "apikeys.googleapis.com",
          "schema_version": 0,
          "attributes": {
            "check_if_service_has_usage_on_destroy": false,
            "disable_dependent_services": null,
            "disable_on_destroy": false,
            "id": "fir-ai-app-ca3c5/apikeys.googleapis.com",
            "project": "fir-ai-app-ca3c5",
            "service": "apikeys.googleapis.com",
            "timeouts": null
          },
          "sensitive_attributes": [],
          "private": "eyJlMmJmYjczMC1lY2FhLTExZTYtOGY4OC0zNDM2M2JjN2M0YzAiOnsiY3JlYXRlIjoxMjAwMDAwMDAwMDAwLCJkZWxldGUiOjEyMDAwMDAwMDAwMDAsInJlYWQiOjYwMDAwMDAwMDAwMCwidXBkYXRlIjoxMjAwMDAwMDAwMDAwfX0="
        },
        {
          "index_key": "firebaserules.googleapis.com",
          "schema_version": 0,
          "attributes": {
            "check_if_service_has_usage_on_destroy": false,
            "disable_dependent_services": null,
            "disable_on_destroy": false,
            "id": "fir-ai-app-ca3c5/firebaserules.googleapis.com",
            "project": "fir-ai-app-ca3c5",
            "service": "firebaserules.googleapis.com",
            "timeouts": null
          },
          "sensitive_attributes": [],
          "private": "eyJlMmJmYjczMC1lY2FhLTExZTYtOGY4OC0zNDM2M2JjN2M0YzAiOnsiY3JlYXRlIjoxMjAwMDAwMDAwMDAwLCJkZWxldGUiOjEyMDAwMDAwMDAwMDAsInJlYWQiOjYwMDAwMDAwMDAwMCwidXBkYXRlIjoxMjAwMDAwMDAwMDAwfX0="
        },
        {
          "index_key": "firestore.googleapis.com",
          "schema_version": 0,
          "attributes": {
            "check_if_service_has_usage_on_destroy": false,
            "disable_dependent_services": null,
            "disable_on_destroy": false,
            "id": "fir-ai-app-ca3c5/firestore.googleapis.com",
            "project": "fir-ai-app-ca3c5",
            "service": "firestore.googleapis.com",
            "timeouts": null
          },
          "sensitive_attributes": [],
          "private": "eyJlMmJmYjczMC1lY2FhLTExZTYtOGY4OC0zNDM2M2JjN2M0YzAiOnsiY3JlYXRlIjoxMjAwMDAwMDAwMDAwLCJkZWxldGUiOjEyMDAwMDAwMDAwMDAsInJlYWQiOjYwMDAwMDAwMDAwMCwidXBkYXRlIjoxMjAwMDAwMDAwMDAwfX0="
        },
        {
          "index_key": "generativelanguage.googleapis.com",
          "schema_version": 0,
          "attributes": {
            "check_if_service_has_usage_on_destroy": false,
            "disable_dependent_services": null,
            "disable_on_destroy": false,
            "id": "fir-ai-app-ca3c5/generativelanguage.googleapis.com",
            "project": "fir-ai-app-ca3c5",
            "service": "generativelanguage.googleapis.com",
            "timeouts": null
          },
          "sensitive_attributes": [],
          "private": "eyJlMmJmYjczMC1lY2FhLTExZTYtOGY4OC0zNDM2M2JjN2M0YzAiOnsiY3JlYXRlIjoxMjAwMDAwMDAwMDAwLCJkZWxldGUiOjEyMDAwMDAwMDAwMDAsInJlYWQiOjYwMDAwMDAwMDAwMCwidXBkYXRlIjoxMjAwMDAwMDAwMDAwfX0="
        },
        {
          "index_key": "serviceusage.googleapis.com",
          "schema_version": 0,
          "attributes": {
            "check_if_service_has_usage_on_destroy": false,
            "disable_dependent_services": null,
            "disable_on_destroy": false,
            "id": "fir-ai-app-ca3c5/serviceusage.googleapis.com",
            "project": "fir-ai-app-ca3c5",
            "service": "serviceusage.googleapis.com",
            "timeouts": null
          },
          "sensitive_attributes": [],
          "private": "eyJlMmJmYjczMC1lY2FhLTExZTYtOGY4OC0zNDM2M2JjN2M0YzAiOnsiY3JlYXRlIjoxMjAwMDAwMDAwMDAwLCJkZWxldGUiOjEyMDAwMDAwMDAwMDAsInJlYWQiOjYwMDAwMDAwMDAwMCwidXBkYXRlIjoxMjAwMDAwMDAwMDAwfX0="
        }
      ]
    },
    {
      "mode": "managed",
      "type": "google_service_usage_consumer_quota_override",
      "name": "generativelanguage",
      "provider": "provider[\"registry.terraform.io/hashicorp/google-beta\"]",
      "instances": [
        {
          "schema_version": 0,
          "attributes": {
            "dimensions": null,
            "force": true,
            "id": "projects/fir-ai-app-ca3c5/services/generativelanguage.googleapis.com/consumerQuotaMetrics/generativelanguage.googleapis.com%2Fgenerate_requests_per_model/limits/%2Fmin%2Fmodel%2Fproject/consumerOverrides/Cg1RdW90YU92ZXJyaWRl",
            "limit": "%2Fmin%2Fmodel%2Fproject",
            "metric": "generativelanguage.googleapis.com%2Fgenerate_requests_per_model",
            "name": "Cg1RdW90YU92ZXJyaWRl",
            "override_value": "10",
            "project": "fir-ai-app-ca3c5",
            "service": "generativelanguage.googleapis.com",
            "timeouts": null
          },
          "sensitive_attributes": [],
          "private": "eyJlMmJmYjczMC1lY2FhLTExZTYtOGY4OC0zNDM2M2JjN2M0YzAiOnsiY3JlYXRlIjoxMjAwMDAwMDAwMDAwLCJkZWxldGUiOjEyMDAwMDAwMDAwMDAsInVwZGF0ZSI6MTIwMDAwMDAwMDAwMH19",
          "dependencies": [
            "google_project_service.services"
          ]
        }
      ]
    },
    {
      "mode": "managed",
      "type": "local_file",
      "name": "environment_ts",
      "provider": "provider[\"registry.terraform.io/hashicorp/local\"]",
      "instances": [
        {
          "schema_version": 0,
          "attributes": {
            "content": "export const environment = {\n  firebase: {\n      apiKey: 'AIzaSyB8ebmHHEc8fKeUg4_AwsOwlS-tKEdsauo',\n      authDomain: 'fir-ai-app-ca3c5.firebaseapp.com',\n      databaseURL: '',\n      projectId: 'fir-ai-app-ca3c5',\n      storageBucket: 'fir-ai-app-ca3c5.firebasestorage.app',\n      messagingSenderId: '614068368350',\n      appId: '1:614068368350:web:07a6df8992005ac395234f',\n      measurementId: '',\n  },\n  gemini_api_key: 'AIzaSyCLFGJMn5FVargZ_omhLyZ5wq792cZV-Ic',\n  debug_token: ''\n};",
            "content_base64": null,
            "content_base64sha256": "bRqi207uLG+l9WBE7IeY3EO7k5aPqh+xEMr5ARmtDQY=",
            "content_base64sha512": "oaA8Mnmda9elzRralUiusjzY8WcXXNC1X/a+yQV6o1m/nF5jk7/BcUPEjr7E17TN+3o/cbDWZiKkHyEGo35fyA==",
            "content_md5": "f45302cb72b32b542495acef0f057e85",
            "content_sha1": "8314fabe27a2d34889bc2783fcce7e56aa08f5bf",
            "content_sha256": "6d1aa2db4eee2c6fa5f56044ec8798dc43bb93968faa1fb110caf90119ad0d06",
            "content_sha512": "a1a03c32799d6bd7a5cd1ada9548aeb23cd8f167175cd0b55ff6bec9057aa359bf9c5e6393bfc17143c48ebec4d7b4cdfb7a3f71b0d66622a41f2106a37e5fc8",
            "directory_permission": "0777",
            "file_permission": "0777",
            "filename": "./src/environments/environments.ts",
            "id": "8314fabe27a2d34889bc2783fcce7e56aa08f5bf",
            "sensitive_content": null,
            "source": null
          },
          "sensitive_attributes": [
            [
              {
                "type": "get_attr",
                "value": "content"
              }
            ]
          ],
          "dependencies": [
            "data.google_firebase_web_app_config.example",
            "data.google_project.project",
            "google_apikeys_key.generativelanguage",
            "google_firebase_web_app.example",
            "google_project_service.services"
          ]
        }
      ]
    },
    {
      "mode": "managed",
      "type": "local_file",
      "name": "firebaserc",
      "provider": "provider[\"registry.terraform.io/hashicorp/local\"]",
      "instances": [
        {
          "schema_version": 0,
          "attributes": {
            "content": "{\"projects\":{\"default\":\"fir-ai-app-ca3c5\"}}",
            "content_base64": null,
            "content_base64sha256": "orx3gxNW5fZZwChxv4qkGz7/9ua40sTSY6c4jobxW2Y=",
            "content_base64sha512": "leEi4knmTFvk0JC0Nu13lPZBDFZRhV1hnjyh03IG9AhEsp4doJVYowQDkV+Q+Cm2KygBRrAlKSnISg29JcjiHQ==",
            "content_md5": "68b2598d3df92116d86f7343ba02d5b2",
            "content_sha1": "8c4f95d0a99647857ec519c0aac88a9105f3f94f",
            "content_sha256": "a2bc77831356e5f659c02871bf8aa41b3efff6e6b8d2c4d263a7388e86f15b66",
            "content_sha512": "95e122e249e64c5be4d090b436ed7794f6410c5651855d619e3ca1d37206f40844b29e1da09558a30403915f90f829b62b280146b0252929c84a0dbd25c8e21d",
            "directory_permission": "0777",
            "file_permission": "0777",
            "filename": "./.firebaserc",
            "id": "8c4f95d0a99647857ec519c0aac88a9105f3f94f",
            "sensitive_content": null,
            "source": null
          },
          "sensitive_attributes": []
        }
      ]
    },
    {
      "mode": "managed",
      "type": "local_file",
      "name": "firestore_rules",
      "provider": "provider[\"registry.terraform.io/hashicorp/local\"]",
      "instances": [
        {
          "schema_version": 0,
          "attributes": {
            "content": "service cloud.firestore {\n  match /databases/{database}/documents/{document=**} {\n    allow read, write: if request.auth != null \u0026\u0026 request.time \u003c timestamp.date(2025, 2, 23);\n  }\n}\n",
            "content_base64": null,
            "content_base64sha256": "Ll9o1Uk33yC4szEHKdfq4wA/WG9tnLtgamd39Sp/jZc=",
            "content_base64sha512": "ScaS68asjHmOLAQiFvZTrklYCHW97OUvS4vEYqLBchUNMEakN9n0W/kWiRBWNBTWmwxZELkWU2Enls1H0pVZWA==",
            "content_md5": "cd1d07dfc718dd31b71055fc98a7d0a2",
            "content_sha1": "0782150456a36ed54179f3899f71e191c59702ae",
            "content_sha256": "2e5f68d54937df20b8b3310729d7eae3003f586f6d9cbb606a6777f52a7f8d97",
            "content_sha512": "49c692ebc6ac8c798e2c042216f653ae49580875bdece52f4b8bc462a2c172150d3046a437d9f45bf9168910563414d69b0c5910b91653612796cd47d2955958",
            "directory_permission": "0777",
            "file_permission": "0777",
            "filename": "./firestore.rules",
            "id": "0782150456a36ed54179f3899f71e191c59702ae",
            "sensitive_content": null,
            "source": null
          },
          "sensitive_attributes": []
        }
      ]
    }
  ],
  "check_results": null
}
